// !$*UTF8*$!
{
	archiveVersion = 1;
	classes = {
	};
	objectVersion = 77;
	objects = {

/* Begin PBXBuildFile section */
		E2DB6210303C43F300D20F8F /* novels/Domain/Book.swift in Sources */ = {isa = PBXBuildFile; fileRef = E2DB6230303C43F300D20F8F /* novels/Domain/Book.swift */; };
		E2DB6211303C43F300D20F8F /* novels/Domain/Reference.swift in Sources */ = {isa = PBXBuildFile; fileRef = E2DB6231303C43F300D20F8F /* novels/Domain/Reference.swift */; };
		E2DB6212303C43F300D20F8F /* novels/Domain/AIMode.swift in Sources */ = {isa = PBXBuildFile; fileRef = E2DB6232303C43F300D20F8F /* novels/Domain/AIMode.swift */; };
		E2DB6213303C43F300D20F8F /* novels/Domain/HtmlParser.swift in Sources */ = {isa = PBXBuildFile; fileRef = E2DB6233303C43F300D20F8F /* novels/Domain/HtmlParser.swift */; };
		E2DB6214303C43F300D20F8F /* novels/Domain/TextSpan.swift in Sources */ = {isa = PBXBuildFile; fileRef = E2DB6234303C43F300D20F8F /* novels/Domain/TextSpan.swift */; };
		E2DB6215303C43F300D20F8F /* novels/Domain/Chapter.swift in Sources */ = {isa = PBXBuildFile; fileRef = E2DB6235303C43F300D20F8F /* novels/Domain/Chapter.swift */; };
		E2DB6216303C43F300D20F8F /* novels/Domain/PrefetchStatus.swift in Sources */ = {isa = PBXBuildFile; fileRef = E2DB6236303C43F300D20F8F /* novels/Domain/PrefetchStatus.swift */; };
		E2DB6217303C43F300D20F8F /* novels/Domain/ProcessedChapter.swift in Sources */ = {isa = PBXBuildFile; fileRef = E2DB6237303C43F300D20F8F /* novels/Domain/ProcessedChapter.swift */; };
		E2DB6218303C43F300D20F8F /* novels/Domain/SHA256.swift in Sources */ = {isa = PBXBuildFile; fileRef = E2DB6238303C43F300D20F8F /* novels/Domain/SHA256.swift */; };
		E2DB6219303C43F300D20F8F /* novels/Domain/SettingsModels.swift in Sources */ = {isa = PBXBuildFile; fileRef = E2DB6239303C43F300D20F8F /* novels/Domain/SettingsModels.swift */; };
		E2DB621A303C43F300D20F8F /* novels/Domain/SlugValidator.swift in Sources */ = {isa = PBXBuildFile; fileRef = E2DB623A303C43F300D20F8F /* novels/Domain/SlugValidator.swift */; };
		E2DB621B303C43F300D20F8F /* novels/Domain/ReadingSession.swift in Sources */ = {isa = PBXBuildFile; fileRef = E2DB623B303C43F300D20F8F /* novels/Domain/ReadingSession.swift */; };
		E2DB621C303C43F300D20F8F /* novels/Domain/TypographySetting.swift in Sources */ = {isa = PBXBuildFile; fileRef = E2DB623C303C43F300D20F8F /* novels/Domain/TypographySetting.swift */; };
		E2DB621D303C43F300D20F8F /* novels/Services/AIChunker.swift in Sources */ = {isa = PBXBuildFile; fileRef = E2DB623D303C43F300D20F8F /* novels/Services/AIChunker.swift */; };
		E2DB621E303C43F300D20F8F /* novels/Services/AIPromptBuilder.swift in Sources */ = {isa = PBXBuildFile; fileRef = E2DB623E303C43F300D20F8F /* novels/Services/AIPromptBuilder.swift */; };
		E2DB621F303C43F300D20F8F /* novels/Persistence/BookRepository.swift in Sources */ = {isa = PBXBuildFile; fileRef = E2DB623F303C43F300D20F8F /* novels/Persistence/BookRepository.swift */; };
		E2DB6220303C43F300D20F8F /* novels/Persistence/ProcessedChapterCache.swift in Sources */ = {isa = PBXBuildFile; fileRef = E2DB6240303C43F300D20F8F /* novels/Persistence/ProcessedChapterCache.swift */; };
		E2DB6221303C43F300D20F8F /* novels/Persistence/Paths.swift in Sources */ = {isa = PBXBuildFile; fileRef = E2DB6241303C43F300D20F8F /* novels/Persistence/Paths.swift */; };
		E2DB6222303C43F300D20F8F /* novels/Persistence/ZipValidator.swift in Sources */ = {isa = PBXBuildFile; fileRef = E2DB6242303C43F300D20F8F /* novels/Persistence/ZipValidator.swift */; };
		E2DB622B303C43F300D20F8F /* novels/Persistence/FileManagerZIP.swift in Sources */ = {isa = PBXBuildFile; fileRef = E2DB624B303C43F300D20F8F /* novels/Persistence/FileManagerZIP.swift */; };
		E2DB6271303C43F300D20F8F /* novels/Services/AIClient.swift in Sources */ = {isa = PBXBuildFile; fileRef = E2DB6250303C43F300D20F8F /* novels/Services/AIClient.swift */; };
		E2DB6272303C43F300D20F8F /* novels/Services/AIReadingService.swift in Sources */ = {isa = PBXBuildFile; fileRef = E2DB6251303C43F300D20F8F /* novels/Services/AIReadingService.swift */; };
		E2DB6273303C43F300D20F8F /* novels/Services/AIResponse.swift in Sources */ = {isa = PBXBuildFile; fileRef = E2DB6252303C43F300D20F8F /* novels/Services/AIResponse.swift */; };
		E2DB6274303C43F300D20F8F /* novels/Services/CatalogService.swift in Sources */ = {isa = PBXBuildFile; fileRef = E2DB6253303C43F300D20F8F /* novels/Services/CatalogService.swift */; };
		E2DB6275303C43F300D20F8F /* novels/Services/CatalogError.swift in Sources */ = {isa = PBXBuildFile; fileRef = E2DB6254303C43F300D20F8F /* novels/Services/CatalogError.swift */; };
		E2DB6276303C43F300D20F8F /* novels/Services/DiagnosticsLog.swift in Sources */ = {isa = PBXBuildFile; fileRef = E2DB6255303C43F300D20F8F /* novels/Services/DiagnosticsLog.swift */; };
		E2DB6277303C43F300D20F8F /* novels/Domain/DiagnosticsEntry.swift in Sources */ = {isa = PBXBuildFile; fileRef = E2DB6256303C43F300D20F8F /* novels/Domain/DiagnosticsEntry.swift */; };
		E2DB6278303C43F300D20F8F /* novels/Services/PrefetchManager.swift in Sources */ = {isa = PBXBuildFile; fileRef = E2DB6257303C43F300D20F8F /* novels/Services/PrefetchManager.swift */; };
		E2DB6279303C43F300D20F8F /* novels/Persistence/SettingsStore.swift in Sources */ = {isa = PBXBuildFile; fileRef = E2DB6258303C43F300D20F8F /* novels/Persistence/SettingsStore.swift */; };
		E2DB627A303C43F300D20F8F /* novels/Persistence/DefaultsKeys.swift in Sources */ = {isa = PBXBuildFile; fileRef = E2DB6259303C43F300D20F8F /* novels/Persistence/DefaultsKeys.swift */; };
		E2DB627B303C43F300D20F8F /* novels/Models/ExportedBook.swift in Sources */ = {isa = PBXBuildFile; fileRef = E2DB625A303C43F300D20F8F /* novels/Models/ExportedBook.swift */; };
		E2DB627C303C43F300D20F8F /* novels/Features/Import/ImportDependencies.swift in Sources */ = {isa = PBXBuildFile; fileRef = E2DB625B303C43F300D20F8F /* novels/Features/Import/ImportDependencies.swift */; };
		E2DB627D303C43F300D20F8F /* novels/Features/Import/ImportError.swift in Sources */ = {isa = PBXBuildFile; fileRef = E2DB625C303C43F300D20F8F /* novels/Features/Import/ImportError.swift */; };
		E2DB627E303C43F300D20F8F /* novels/Features/Import/ImportViewModel.swift in Sources */ = {isa = PBXBuildFile; fileRef = E2DB625D303C43F300D20F8F /* novels/Features/Import/ImportViewModel.swift */; };
		E2DB627F303C43F300D20F8F /* novels/Features/Settings/SettingsViewModel.swift in Sources */ = {isa = PBXBuildFile; fileRef = E2DB625E303C43F300D20F8F /* novels/Features/Settings/SettingsViewModel.swift */; };
		E2DB6280303C43F300D20F8F /* novels/Features/Reading/ScrollOffsetPreference.swift in Sources */ = {isa = PBXBuildFile; fileRef = E2DB625F303C43F300D20F8F /* novels/Features/Reading/ScrollOffsetPreference.swift */; };
		E2DB6281303C43F300D20F8F /* novels/Domain/ReadingTheme.swift in Sources */ = {isa = PBXBuildFile; fileRef = E2DB6260303C43F300D20F8F /* novels/Domain/ReadingTheme.swift */; };
/* End PBXBuildFile section */

/* Begin PBXContainerItemProxy section */
/* End PBXContainerItemProxy section */

/* Begin PBXFileReference section */
		E2DB617F303C43F300D20F8F /* novels.app */ = {isa = PBXFileReference; explicitFileType = wrapper.application; includeInIndex = 0; path = novels.app; sourceTree = BUILT_PRODUCTS_DIR; };
		E2DB6230303C43F300D20F8F /* novels/Domain/Book.swift */ = {isa = PBXFileReference; lastKnownFileType = sourcecode.swift; path = novels/Domain/Book.swift; sourceTree = "<group>"; };
		E2DB6231303C43F300D20F8F /* novels/Domain/Reference.swift */ = {isa = PBXFileReference; lastKnownFileType = sourcecode.swift; path = novels/Domain/Reference.swift; sourceTree = "<group>"; };
		E2DB6232303C43F300D20F8F /* novels/Domain/AIMode.swift */ = {isa = PBXFileReference; lastKnownFileType = sourcecode.swift; path = novels/Domain/AIMode.swift; sourceTree = "<group>"; };
		E2DB6233303C43F300D20F8F /* novels/Domain/HtmlParser.swift */ = {isa = PBXFileReference; lastKnownFileType = sourcecode.swift; path = novels/Domain/HtmlParser.swift; sourceTree = "<group>"; };
		E2DB6234303C43F300D20F8F /* novels/Domain/TextSpan.swift */ = {isa = PBXFileReference; lastKnownFileType = sourcecode.swift; path = novels/Domain/TextSpan.swift; sourceTree = "<group>"; };
		E2DB6235303C43F300D20F8F /* novels/Domain/Chapter.swift */ = {isa = PBXFileReference; lastKnownFileType = sourcecode.swift; path = novels/Domain/Chapter.swift; sourceTree = "<group>"; };
		E2DB6236303C43F300D20F8F /* novels/Domain/PrefetchStatus.swift */ = {isa = PBXFileReference; lastKnownFileType = sourcecode.swift; path = novels/Domain/PrefetchStatus.swift; sourceTree = "<group>"; };
		E2DB6237303C43F300D20F8F /* novels/Domain/ProcessedChapter.swift */ = {isa = PBXFileReference; lastKnownFileType = sourcecode.swift; path = novels/Domain/ProcessedChapter.swift; sourceTree = "<group>"; };
		E2DB6238303C43F300D20F8F /* novels/Domain/SHA256.swift */ = {isa = PBXFileReference; lastKnownFileType = sourcecode.swift; path = novels/Domain/SHA256.swift; sourceTree = "<group>"; };
		E2DB6239303C43F300D20F8F /* novels/Domain/SettingsModels.swift */ = {isa = PBXFileReference; lastKnownFileType = sourcecode.swift; path = novels/Domain/SettingsModels.swift; sourceTree = "<group>"; };
		E2DB623A303C43F300D20F8F /* novels/Domain/SlugValidator.swift */ = {isa = PBXFileReference; lastKnownFileType = sourcecode.swift; path = novels/Domain/SlugValidator.swift; sourceTree = "<group>"; };
		E2DB623B303C43F300D20F8F /* novels/Domain/ReadingSession.swift */ = {isa = PBXFileReference; lastKnownFileType = sourcecode.swift; path = novels/Domain/ReadingSession.swift; sourceTree = "<group>"; };
		E2DB623C303C43F300D20F8F /* novels/Domain/TypographySetting.swift */ = {isa = PBXFileReference; lastKnownFileType = sourcecode.swift; path = novels/Domain/TypographySetting.swift; sourceTree = "<group>"; };
		E2DB623D303C43F300D20F8F /* novels/Services/AIChunker.swift */ = {isa = PBXFileReference; lastKnownFileType = sourcecode.swift; path = novels/Services/AIChunker.swift; sourceTree = "<group>"; };
		E2DB623E303C43F300D20F8F /* novels/Services/AIPromptBuilder.swift */ = {isa = PBXFileReference; lastKnownFileType = sourcecode.swift; path = novels/Services/AIPromptBuilder.swift; sourceTree = "<group>"; };
		E2DB623F303C43F300D20F8F /* novels/Persistence/BookRepository.swift */ = {isa = PBXFileReference; lastKnownFileType = sourcecode.swift; path = novels/Persistence/BookRepository.swift; sourceTree = "<group>"; };
		E2DB6240303C43F300D20F8F /* novels/Persistence/ProcessedChapterCache.swift */ = {isa = PBXFileReference; lastKnownFileType = sourcecode.swift; path = novels/Persistence/ProcessedChapterCache.swift; sourceTree = "<group>"; };
		E2DB6241303C43F300D20F8F /* novels/Persistence/Paths.swift */ = {isa = PBXFileReference; lastKnownFileType = sourcecode.swift; path = novels/Persistence/Paths.swift; sourceTree = "<group>"; };
		E2DB6242303C43F300D20F8F /* novels/Persistence/ZipValidator.swift */ = {isa = PBXFileReference; lastKnownFileType = sourcecode.swift; path = novels/Persistence/ZipValidator.swift; sourceTree = "<group>"; };
		E2DB624B303C43F300D20F8F /* novels/Persistence/FileManagerZIP.swift */ = {isa = PBXFileReference; lastKnownFileType = sourcecode.swift; path = novels/Persistence/FileManagerZIP.swift; sourceTree = "<group>"; };
		E2DB6250303C43F300D20F8F /* novels/Services/AIClient.swift */ = {isa = PBXFileReference; lastKnownFileType = sourcecode.swift; path = novels/Services/AIClient.swift; sourceTree = "<group>"; };
		E2DB6251303C43F300D20F8F /* novels/Services/AIReadingService.swift */ = {isa = PBXFileReference; lastKnownFileType = sourcecode.swift; path = novels/Services/AIReadingService.swift; sourceTree = "<group>"; };
		E2DB6252303C43F300D20F8F /* novels/Services/AIResponse.swift */ = {isa = PBXFileReference; lastKnownFileType = sourcecode.swift; path = novels/Services/AIResponse.swift; sourceTree = "<group>"; };
		E2DB6253303C43F300D20F8F /* novels/Services/CatalogService.swift */ = {isa = PBXFileReference; lastKnownFileType = sourcecode.swift; path = novels/Services/CatalogService.swift; sourceTree = "<group>"; };
		E2DB6254303C43F300D20F8F /* novels/Services/CatalogError.swift */ = {isa = PBXFileReference; lastKnownFileType = sourcecode.swift; path = novels/Services/CatalogError.swift; sourceTree = "<group>"; };
		E2DB6255303C43F300D20F8F /* novels/Services/DiagnosticsLog.swift */ = {isa = PBXFileReference; lastKnownFileType = sourcecode.swift; path = novels/Services/DiagnosticsLog.swift; sourceTree = "<group>"; };
		E2DB6256303C43F300D20F8F /* novels/Domain/DiagnosticsEntry.swift */ = {isa = PBXFileReference; lastKnownFileType = sourcecode.swift; path = novels/Domain/DiagnosticsEntry.swift; sourceTree = "<group>"; };
		E2DB6257303C43F300D20F8F /* novels/Services/PrefetchManager.swift */ = {isa = PBXFileReference; lastKnownFileType = sourcecode.swift; path = novels/Services/PrefetchManager.swift; sourceTree = "<group>"; };
		E2DB6258303C43F300D20F8F /* novels/Persistence/SettingsStore.swift */ = {isa = PBXFileReference; lastKnownFileType = sourcecode.swift; path = novels/Persistence/SettingsStore.swift; sourceTree = "<group>"; };
		E2DB6259303C43F300D20F8F /* novels/Persistence/DefaultsKeys.swift */ = {isa = PBXFileReference; lastKnownFileType = sourcecode.swift; path = novels/Persistence/DefaultsKeys.swift; sourceTree = "<group>"; };
		E2DB625A303C43F300D20F8F /* novels/Models/ExportedBook.swift */ = {isa = PBXFileReference; lastKnownFileType = sourcecode.swift; path = novels/Models/ExportedBook.swift; sourceTree = "<group>"; };
		E2DB625B303C43F300D20F8F /* novels/Features/Import/ImportDependencies.swift */ = {isa = PBXFileReference; lastKnownFileType = sourcecode.swift; path = novels/Features/Import/ImportDependencies.swift; sourceTree = "<group>"; };
		E2DB625C303C43F300D20F8F /* novels/Features/Import/ImportError.swift */ = {isa = PBXFileReference; lastKnownFileType = sourcecode.swift; path = novels/Features/Import/ImportError.swift; sourceTree = "<group>"; };
		E2DB625D303C43F300D20F8F /* novels/Features/Import/ImportViewModel.swift */ = {isa = PBXFileReference; lastKnownFileType = sourcecode.swift; path = novels/Features/Import/ImportViewModel.swift; sourceTree = "<group>"; };
		E2DB625E303C43F300D20F8F /* novels/Features/Settings/SettingsViewModel.swift */ = {isa = PBXFileReference; lastKnownFileType = sourcecode.swift; path = novels/Features/Settings/SettingsViewModel.swift; sourceTree = "<group>"; };
		E2DB625F303C43F300D20F8F /* novels/Features/Reading/ScrollOffsetPreference.swift */ = {isa = PBXFileReference; lastKnownFileType = sourcecode.swift; path = novels/Features/Reading/ScrollOffsetPreference.swift; sourceTree = "<group>"; };
		E2DB6260303C43F300D20F8F /* novels/Domain/ReadingTheme.swift */ = {isa = PBXFileReference; lastKnownFileType = sourcecode.swift; path = novels/Domain/ReadingTheme.swift; sourceTree = "<group>"; };
/* End PBXFileReference section */

/* Begin PBXFileSystemSynchronizedBuildFileExceptionSet section */
		E2DB61A8303C43F300D20F8F /* Exceptions for "novels" folder in "novels" target */ = {
			isa = PBXFileSystemSynchronizedBuildFileExceptionSet;
			membershipExceptions = (
				Info.plist,
			);
			target = E2DB617E303C43F300D20F8F /* novels */;
		};
/* End PBXFileSystemSynchronizedBuildFileExceptionSet section */

/* Begin PBXFileSystemSynchronizedRootGroup section */
		E2DB6181303C43F300D20F8F /* novels */ = {
			isa = PBXFileSystemSynchronizedRootGroup;
			exceptions = (
				E2DB61A8303C43F300D20F8F /* Exceptions for "novels" folder in "novels" target */,
			);
			path = novels;
			sourceTree = "<group>";
		};
/* End PBXFileSystemSynchronizedRootGroup section */

/* Begin PBXFrameworksBuildPhase section */
		E2DB617C303C43F300D20F8F /* Frameworks */ = {
			isa = PBXFrameworksBuildPhase;
			buildActionMask = 2147483647;
			files = (
			);
			runOnlyForDeploymentPostprocessing = 0;
		};
/* End PBXFrameworksBuildPhase section */

/* Begin PBXGroup section */
		E2DB6176303C43F300D20F8F = {
			isa = PBXGroup;
			children = (
				E2DB6181303C43F300D20F8F /* novels */,
				E2DB6180303C43F300D20F8F /* Products */,
			);
			sourceTree = "<group>";
		};
		E2DB6180303C43F300D20F8F /* Products */ = {
			isa = PBXGroup;
			children = (
				E2DB617F303C43F300D20F8F /* novels.app */,
			);
			name = Products;
			sourceTree = "<group>";
		};
/* End PBXGroup section */

/* Begin PBXNativeTarget section */
		E2DB617E303C43F300D20F8F /* novels */ = {
			isa = PBXNativeTarget;
			buildConfigurationList = E2DB618A303C43F400D20F8F /* Build configuration list for PBXNativeTarget "novels" */;
			buildPhases = (
				E2DB617B303C43F300D20F8F /* Sources */,
				E2DB617C303C43F300D20F8F /* Frameworks */,
				E2DB617D303C43F300D20F8F /* Resources */,
			);
			buildRules = (
			);
			dependencies = (
			);
			fileSystemSynchronizedGroups = (
				E2DB6181303C43F300D20F8F /* novels */,
			);
			name = novels;
			productName = novels;
			productReference = E2DB617F303C43F300D20F8F /* novels.app */;
			productType = "com.apple.product-type.application";
		};
/* End PBXNativeTarget section */

/* Begin PBXProject section */
		E2DB6177303C43F300D20F8F /* Project object */ = {
			isa = PBXProject;
			attributes = {
				BuildIndependentTargetsInParallel = 1;
				LastSwiftUpdateCheck = 2660;
				LastUpgradeCheck = 2660;
				TargetAttributes = {
					E2DB617E303C43F300D20F8F = {
						CreatedOnToolsVersion = 26.6;
					};
				};
			};
			buildConfigurationList = E2DB617A303C43F300D20F8F /* Build configuration list for PBXProject "novels" */;
			developmentRegion = en;
			hasScannedForEncodings = 0;
			knownRegions = (
				en,
				Base,
			);
			mainGroup = E2DB6176303C43F300D20F8F;
			minimizedProjectReferenceProxies = 1;
			preferredProjectObjectVersion = 77;
			productRefGroup = E2DB6180303C43F300D20F8F /* Products */;
			projectDirPath = "";
			projectRoot = "";
			targets = (
				E2DB617E303C43F300D20F8F /* novels */,
			);
		};
/* End PBXProject section */

/* Begin PBXResourcesBuildPhase section */
		E2DB617D303C43F300D20F8F /* Resources */ = {
			isa = PBXResourcesBuildPhase;
			buildActionMask = 2147483647;
			files = (
			);
			runOnlyForDeploymentPostprocessing = 0;
		};
/* End PBXResourcesBuildPhase section */

/* Begin PBXSourcesBuildPhase section */
		E2DB617B303C43F300D20F8F /* Sources */ = {
			isa = PBXSourcesBuildPhase;
			buildActionMask = 2147483647;
			files = (
			);
			runOnlyForDeploymentPostprocessing = 0;
		};
/* End PBXSourcesBuildPhase section */

/* Begin PBXTargetDependency section */
/* End PBXTargetDependency section */

/* Begin XCBuildConfiguration section */
		E2DB6188303C43F400D20F8F /* Debug */ = {
			isa = XCBuildConfiguration;
			buildSettings = {
				ALWAYS_SEARCH_USER_PATHS = NO;
				ASSETCATALOG_COMPILER_GENERATE_SWIFT_ASSET_SYMBOL_EXTENSIONS = YES;
				CLANG_ANALYZER_NONNULL = YES;
				CLANG_ANALYZER_NUMBER_OBJECT_CONVERSION = YES_AGGRESSIVE;
				CLANG_CXX_LANGUAGE_STANDARD = "gnu++20";
				CLANG_ENABLE_MODULES = YES;
				CLANG_ENABLE_OBJC_ARC = YES;
				CLANG_ENABLE_OBJC_WEAK = YES;
				CLANG_WARN_BLOCK_CAPTURE_AUTORELEASING = YES;
				CLANG_WARN_BOOL_CONVERSION = YES;
				CLANG_WARN_COMMA = YES;
				CLANG_WARN_CONSTANT_CONVERSION = YES;
				CLANG_WARN_DEPRECATED_OBJC_IMPLEMENTATIONS = YES;
				CLANG_WARN_DIRECT_OBJC_ISA_USAGE = YES_ERROR;
				CLANG_WARN_DOCUMENTATION_COMMENTS = YES;
				CLANG_WARN_EMPTY_BODY = YES;
				CLANG_WARN_ENUM_CONVERSION = YES;
				CLANG_WARN_INFINITE_RECURSION = YES;
				CLANG_WARN_INT_CONVERSION = YES;
				CLANG_WARN_NON_LITERAL_NULL_CONVERSION = YES;
				CLANG_WARN_OBJC_IMPLICIT_RETAIN_SELF = YES;
				CLANG_WARN_OBJC_LITERAL_CONVERSION = YES;
				CLANG_WARN_OBJC_ROOT_CLASS = YES_ERROR;
				CLANG_WARN_QUOTED_INCLUDE_IN_FRAMEWORK_HEADER = YES;
				CLANG_WARN_RANGE_LOOP_ANALYSIS = YES;
				CLANG_WARN_STRICT_PROTOTYPES = YES;
				CLANG_WARN_SUSPICIOUS_MOVE = YES;
				CLANG_WARN_UNGUARDED_AVAILABILITY = YES_AGGRESSIVE;
				CLANG_WARN_UNREACHABLE_CODE = YES;
				CLANG_WARN__DUPLICATE_METHOD_MATCH = YES;
				COPY_PHASE_STRIP = NO;
				DEBUG_INFORMATION_FORMAT = dwarf;
				DEVELOPMENT_TEAM = M5U4E4H84J;
				ENABLE_STRICT_OBJC_MSGSEND = YES;
				ENABLE_TESTABILITY = YES;
				ENABLE_USER_SCRIPT_SANDBOXING = YES;
				GCC_C_LANGUAGE_STANDARD = gnu17;
				GCC_DYNAMIC_NO_PIC = NO;
				GCC_NO_COMMON_BLOCKS = YES;
				GCC_OPTIMIZATION_LEVEL = 0;
				GCC_PREPROCESSOR_DEFINITIONS = (
					"DEBUG=1",
					"$(inherited)",
				);
				GCC_WARN_64_TO_32_BIT_CONVERSION = YES;
				GCC_WARN_ABOUT_RETURN_TYPE = YES_ERROR;
				GCC_WARN_UNDECLARED_SELECTOR = YES;
				GCC_WARN_UNINITIALIZED_AUTOS = YES_AGGRESSIVE;
				GCC_WARN_UNUSED_FUNCTION = YES;
				GCC_WARN_UNUSED_VARIABLE = YES;
				IPHONEOS_DEPLOYMENT_TARGET = 26.5;
				LOCALIZATION_PREFERS_STRING_CATALOGS = YES;
				MTL_ENABLE_DEBUG_INFO = INCLUDE_SOURCE;
				MTL_FAST_MATH = YES;
				ONLY_ACTIVE_ARCH = YES;
				SDKROOT = iphoneos;
				SWIFT_ACTIVE_COMPILATION_CONDITIONS = "DEBUG $(inherited)";
				SWIFT_OPTIMIZATION_LEVEL = "-Onone";
			};
			name = Debug;
		};
		E2DB6189303C43F400D20F8F /* Release */ = {
			isa = XCBuildConfiguration;
			buildSettings = {
				ALWAYS_SEARCH_USER_PATHS = NO;
				ASSETCATALOG_COMPILER_GENERATE_SWIFT_ASSET_SYMBOL_EXTENSIONS = YES;
				CLANG_ANALYZER_NONNULL = YES;
				CLANG_ANALYZER_NUMBER_OBJECT_CONVERSION = YES_AGGRESSIVE;
				CLANG_CXX_LANGUAGE_STANDARD = "gnu++20";
				CLANG_ENABLE_MODULES = YES;
				CLANG_ENABLE_OBJC_ARC = YES;
				CLANG_ENABLE_OBJC_WEAK = YES;
				CLANG_WARN_BLOCK_CAPTURE_AUTORELEASING = YES;
				CLANG_WARN_BOOL_CONVERSION = YES;
				CLANG_WARN_COMMA = YES;
				CLANG_WARN_CONSTANT_CONVERSION = YES;
				CLANG_WARN_DEPRECATED_OBJC_IMPLEMENTATIONS = YES;
				CLANG_WARN_DIRECT_OBJC_ISA_USAGE = YES_ERROR;
				CLANG_WARN_DOCUMENTATION_COMMENTS = YES;
				CLANG_WARN_EMPTY_BODY = YES;
				CLANG_WARN_ENUM_CONVERSION = YES;
				CLANG_WARN_INFINITE_RECURSION = YES;
				CLANG_WARN_INT_CONVERSION = YES;
				CLANG_WARN_NON_LITERAL_NULL_CONVERSION = YES;
				CLANG_WARN_OBJC_IMPLICIT_RETAIN_SELF = YES;
				CLANG_WARN_OBJC_LITERAL_CONVERSION = YES;
				CLANG_WARN_OBJC_ROOT_CLASS = YES_ERROR;
				CLANG_WARN_QUOTED_INCLUDE_IN_FRAMEWORK_HEADER = YES;
				CLANG_WARN_RANGE_LOOP_ANALYSIS = YES;
				CLANG_WARN_STRICT_PROTOTYPES = YES;
				CLANG_WARN_SUSPICIOUS_MOVE = YES;
				CLANG_WARN_UNGUARDED_AVAILABILITY = YES_AGGRESSIVE;
				CLANG_WARN_UNREACHABLE_CODE = YES;
				CLANG_WARN__DUPLICATE_METHOD_MATCH = YES;
				COPY_PHASE_STRIP = NO;
				DEBUG_INFORMATION_FORMAT = "dwarf-with-dsym";
				DEVELOPMENT_TEAM = M5U4E4H84J;
				ENABLE_NS_ASSERTIONS = NO;
				ENABLE_STRICT_OBJC_MSGSEND = YES;
				ENABLE_USER_SCRIPT_SANDBOXING = YES;
				GCC_C_LANGUAGE_STANDARD = gnu17;
				GCC_NO_COMMON_BLOCKS = YES;
				GCC_WARN_64_TO_32_BIT_CONVERSION = YES;
				GCC_WARN_ABOUT_RETURN_TYPE = YES_ERROR;
				GCC_WARN_UNDECLARED_SELECTOR = YES;
				GCC_WARN_UNINITIALIZED_AUTOS = YES_AGGRESSIVE;
				GCC_WARN_UNUSED_FUNCTION = YES;
				GCC_WARN_UNUSED_VARIABLE = YES;
				IPHONEOS_DEPLOYMENT_TARGET = 26.5;
				LOCALIZATION_PREFERS_STRING_CATALOGS = YES;
				MTL_ENABLE_DEBUG_INFO = NO;
				MTL_FAST_MATH = YES;
				SDKROOT = iphoneos;
				SWIFT_COMPILATION_MODE = wholemodule;
				VALIDATE_PRODUCT = YES;
			};
			name = Release;
		};
		E2DB618B303C43F400D20F8F /* Debug */ = {
			isa = XCBuildConfiguration;
			buildSettings = {
				ASSETCATALOG_COMPILER_APPICON_NAME = AppIcon;
				ASSETCATALOG_COMPILER_GLOBAL_ACCENT_COLOR_NAME = AccentColor;
				ASSETCATALOG_COMPILER_INCLUDE_ALL_APPICON_ASSETS = NO;
				CODE_SIGN_STYLE = Automatic;
				CURRENT_PROJECT_VERSION = 1;
				DEVELOPMENT_TEAM = M5U4E4H84J;
				ENABLE_PREVIEWS = YES;
				GENERATE_INFOPLIST_FILE = NO;
				INFOPLIST_FILE = novels/Info.plist;
				INFOPLIST_KEY_CFBundleDisplayName = "Truyện";
				INFOPLIST_KEY_LSApplicationCategoryType = "public.app-category.books";
				INFOPLIST_KEY_UIApplicationSceneManifest_Generation = YES;
				INFOPLIST_KEY_UIApplicationSupportsIndirectInputEvents = YES;
				INFOPLIST_KEY_UILaunchScreen_Generation = YES;
				INFOPLIST_KEY_UISupportedInterfaceOrientations_iPhone = "UIInterfaceOrientationPortrait UIInterfaceOrientationLandscapeLeft UIInterfaceOrientationLandscapeRight";
				IPHONEOS_DEPLOYMENT_TARGET = 18.6;
				LD_RUNPATH_SEARCH_PATHS = (
					"$(inherited)",
					"@executable_path/Frameworks",
				);
				MARKETING_VERSION = 1.0.5;
				PRODUCT_BUNDLE_IDENTIFIER = com.tungxuan.novels;
				PRODUCT_NAME = "$(TARGET_NAME)";
				STRING_CATALOG_GENERATE_SYMBOLS = YES;
				SUPPORTED_PLATFORMS = "iphoneos iphonesimulator";
				SUPPORTS_MACCATALYST = NO;
				SUPPORTS_MAC_DESIGNED_FOR_IPHONE_IPAD = NO;
				SUPPORTS_XR_DESIGNED_FOR_IPHONE_IPAD = NO;
				SWIFT_APPROACHABLE_CONCURRENCY = YES;
				SWIFT_DEFAULT_ACTOR_ISOLATION = MainActor;
				SWIFT_EMIT_LOC_STRINGS = YES;
				SWIFT_UPCOMING_FEATURE_MEMBER_IMPORT_VISIBILITY = YES;
				SWIFT_VERSION = 5.0;
				TARGETED_DEVICE_FAMILY = 1;
			};
			name = Debug;
		};
		E2DB618C303C43F400D20F8F /* Release */ = {
			isa = XCBuildConfiguration;
			buildSettings = {
				ASSETCATALOG_COMPILER_APPICON_NAME = AppIcon;
				ASSETCATALOG_COMPILER_GLOBAL_ACCENT_COLOR_NAME = AccentColor;
				ASSETCATALOG_COMPILER_INCLUDE_ALL_APPICON_ASSETS = NO;
				CODE_SIGN_STYLE = Automatic;
				CURRENT_PROJECT_VERSION = 1;
				DEVELOPMENT_TEAM = M5U4E4H84J;
				ENABLE_PREVIEWS = YES;
				GENERATE_INFOPLIST_FILE = NO;
				INFOPLIST_FILE = novels/Info.plist;
				INFOPLIST_KEY_CFBundleDisplayName = "Truyện";
				INFOPLIST_KEY_LSApplicationCategoryType = "public.app-category.books";
				INFOPLIST_KEY_UIApplicationSceneManifest_Generation = YES;
				INFOPLIST_KEY_UIApplicationSupportsIndirectInputEvents = YES;
				INFOPLIST_KEY_UILaunchScreen_Generation = YES;
				INFOPLIST_KEY_UISupportedInterfaceOrientations_iPhone = "UIInterfaceOrientationPortrait UIInterfaceOrientationLandscapeLeft UIInterfaceOrientationLandscapeRight";
				IPHONEOS_DEPLOYMENT_TARGET = 18.6;
				LD_RUNPATH_SEARCH_PATHS = (
					"$(inherited)",
					"@executable_path/Frameworks",
				);
				MARKETING_VERSION = 1.0.5;
				PRODUCT_BUNDLE_IDENTIFIER = com.tungxuan.novels;
				PRODUCT_NAME = "$(TARGET_NAME)";
				STRING_CATALOG_GENERATE_SYMBOLS = YES;
				SUPPORTED_PLATFORMS = "iphoneos iphonesimulator";
				SUPPORTS_MACCATALYST = NO;
				SUPPORTS_MAC_DESIGNED_FOR_IPHONE_IPAD = NO;
				SUPPORTS_XR_DESIGNED_FOR_IPHONE_IPAD = NO;
				SWIFT_APPROACHABLE_CONCURRENCY = YES;
				SWIFT_DEFAULT_ACTOR_ISOLATION = MainActor;
				SWIFT_EMIT_LOC_STRINGS = YES;
				SWIFT_UPCOMING_FEATURE_MEMBER_IMPORT_VISIBILITY = YES;
				SWIFT_VERSION = 5.0;
				TARGETED_DEVICE_FAMILY = 1;
			};
			name = Release;
		};
/* End XCBuildConfiguration section */

/* Begin XCConfigurationList section */
		E2DB617A303C43F300D20F8F /* Build configuration list for PBXProject "novels" */ = {
			isa = XCConfigurationList;
			buildConfigurations = (
				E2DB6188303C43F400D20F8F /* Debug */,
				E2DB6189303C43F400D20F8F /* Release */,
			);
			defaultConfigurationIsVisible = 0;
			defaultConfigurationName = Release;
		};
		E2DB618A303C43F400D20F8F /* Build configuration list for PBXNativeTarget "novels" */ = {
			isa = XCConfigurationList;
			buildConfigurations = (
				E2DB618B303C43F400D20F8F /* Debug */,
				E2DB618C303C43F400D20F8F /* Release */,
			);
			defaultConfigurationIsVisible = 0;
			defaultConfigurationName = Release;
		};
/* End XCConfigurationList section */
	};
	rootObject = E2DB6177303C43F300D20F8F /* Project object */;
}
